
Microsoft Visual Studio Solution File, Format Version 12.00
# Visual Studio Version 17
VisualStudioVersion = 17.5.33414.496
MinimumVisualStudioVersion = 10.0.40219.1
Project("{FAE04EC0-301F-11D3-BF4B-00C04F79EFBC}") = "cia2009judet", "cia2009judet\cia2009judet.csproj", "{B73764FE-2CC4-463C-9AAD-E25258D6CECC}"
EndProject
Global
	GlobalSection(SolutionConfigurationPlatforms) = preSolution
		Debug|Any CPU = Debug|Any CPU
		Release|Any CPU = Release|Any CPU
	EndGlobalSection
	GlobalSection(ProjectConfigurationPlatforms) = postSolution
		{B73764FE-2CC4-463C-9AAD-E25258D6CECC}.Debug|Any CPU.ActiveCfg = Debug|Any CPU
		{B73764FE-2CC4-463C-9AAD-E25258D6CECC}.Debug|Any CPU.Build.0 = Debug|Any CPU
		{B73764FE-2CC4-463C-9AAD-E25258D6CECC}.Release|Any CPU.ActiveCfg = Release|Any CPU
		{B73764FE-2CC4-463C-9AAD-E25258D6CECC}.Release|Any CPU.Build.0 = Release|Any CPU
	EndGlobalSection
	GlobalSection(SolutionProperties) = preSolution
		HideSolutionNode = FALSE
	EndGlobalSection
	GlobalSection(ExtensibilityGlobals) = postSolution
		SolutionGuid = {7F446D3F-9F0E-44DD-8DE6-311B571DB73B}
	EndGlobalSection
EndGlobal
