
Microsoft Visual Studio Solution File, Format Version 12.00
# Visual Studio Version 17
VisualStudioVersion = 17.5.33414.496
MinimumVisualStudioVersion = 10.0.40219.1
Project("{FAE04EC0-301F-11D3-BF4B-00C04F79EFBC}") = "OTI2014judet", "OTI2014judet\OTI2014judet.csproj", "{1F7F18A2-E5B5-4FC6-9925-F5A0992B8D0E}"
EndProject
Global
	GlobalSection(SolutionConfigurationPlatforms) = preSolution
		Debug|Any CPU = Debug|Any CPU
		Release|Any CPU = Release|Any CPU
	EndGlobalSection
	GlobalSection(ProjectConfigurationPlatforms) = postSolution
		{1F7F18A2-E5B5-4FC6-9925-F5A0992B8D0E}.Debug|Any CPU.ActiveCfg = Debug|Any CPU
		{1F7F18A2-E5B5-4FC6-9925-F5A0992B8D0E}.Debug|Any CPU.Build.0 = Debug|Any CPU
		{1F7F18A2-E5B5-4FC6-9925-F5A0992B8D0E}.Release|Any CPU.ActiveCfg = Release|Any CPU
		{1F7F18A2-E5B5-4FC6-9925-F5A0992B8D0E}.Release|Any CPU.Build.0 = Release|Any CPU
	EndGlobalSection
	GlobalSection(SolutionProperties) = preSolution
		HideSolutionNode = FALSE
	EndGlobalSection
	GlobalSection(ExtensibilityGlobals) = postSolution
		SolutionGuid = {E759BC0B-5257-484E-89A5-A51F1685E31C}
	EndGlobalSection
EndGlobal
