
Microsoft Visual Studio Solution File, Format Version 12.00
# Visual Studio Version 16
VisualStudioVersion = 16.0.33529.622
MinimumVisualStudioVersion = 10.0.40219.1
Project("{FAE04EC0-301F-11D3-BF4B-00C04F79EFBC}") = "OTI2018nationala", "OTI2018nationala\OTI2018nationala.csproj", "{0D5D387E-2E68-4999-BEAF-6C95472420BC}"
EndProject
Global
	GlobalSection(SolutionConfigurationPlatforms) = preSolution
		Debug|Any CPU = Debug|Any CPU
		Release|Any CPU = Release|Any CPU
	EndGlobalSection
	GlobalSection(ProjectConfigurationPlatforms) = postSolution
		{0D5D387E-2E68-4999-BEAF-6C95472420BC}.Debug|Any CPU.ActiveCfg = Debug|Any CPU
		{0D5D387E-2E68-4999-BEAF-6C95472420BC}.Debug|Any CPU.Build.0 = Debug|Any CPU
		{0D5D387E-2E68-4999-BEAF-6C95472420BC}.Release|Any CPU.ActiveCfg = Release|Any CPU
		{0D5D387E-2E68-4999-BEAF-6C95472420BC}.Release|Any CPU.Build.0 = Release|Any CPU
	EndGlobalSection
	GlobalSection(SolutionProperties) = preSolution
		HideSolutionNode = FALSE
	EndGlobalSection
	GlobalSection(ExtensibilityGlobals) = postSolution
		SolutionGuid = {E3A7C837-1C51-4D1F-A65B-06C5C44F96F2}
	EndGlobalSection
EndGlobal
