
Microsoft Visual Studio Solution File, Format Version 12.00
# Visual Studio Version 17
VisualStudioVersion = 17.5.33414.496
MinimumVisualStudioVersion = 10.0.40219.1
Project("{FAE04EC0-301F-11D3-BF4B-00C04F79EFBC}") = "CIA2010judet", "CIA2010judet\CIA2010judet.csproj", "{84D3106D-8749-4FDA-A5A6-918A3855CAA8}"
EndProject
Global
	GlobalSection(SolutionConfigurationPlatforms) = preSolution
		Debug|Any CPU = Debug|Any CPU
		Release|Any CPU = Release|Any CPU
	EndGlobalSection
	GlobalSection(ProjectConfigurationPlatforms) = postSolution
		{84D3106D-8749-4FDA-A5A6-918A3855CAA8}.Debug|Any CPU.ActiveCfg = Debug|Any CPU
		{84D3106D-8749-4FDA-A5A6-918A3855CAA8}.Debug|Any CPU.Build.0 = Debug|Any CPU
		{84D3106D-8749-4FDA-A5A6-918A3855CAA8}.Release|Any CPU.ActiveCfg = Release|Any CPU
		{84D3106D-8749-4FDA-A5A6-918A3855CAA8}.Release|Any CPU.Build.0 = Release|Any CPU
	EndGlobalSection
	GlobalSection(SolutionProperties) = preSolution
		HideSolutionNode = FALSE
	EndGlobalSection
	GlobalSection(ExtensibilityGlobals) = postSolution
		SolutionGuid = {1BC6E668-816A-4E23-94F8-7D9A264F7A6F}
	EndGlobalSection
EndGlobal
