
Microsoft Visual Studio Solution File, Format Version 12.00
# Visual Studio Version 16
VisualStudioVersion = 16.0.33529.622
MinimumVisualStudioVersion = 10.0.40219.1
Project("{FAE04EC0-301F-11D3-BF4B-00C04F79EFBC}") = "CIA2009nationala", "CIA2009nationala\CIA2009nationala.csproj", "{5471DF33-4B56-4E75-9D99-A99876DE073D}"
EndProject
Global
	GlobalSection(SolutionConfigurationPlatforms) = preSolution
		Debug|Any CPU = Debug|Any CPU
		Release|Any CPU = Release|Any CPU
	EndGlobalSection
	GlobalSection(ProjectConfigurationPlatforms) = postSolution
		{5471DF33-4B56-4E75-9D99-A99876DE073D}.Debug|Any CPU.ActiveCfg = Debug|Any CPU
		{5471DF33-4B56-4E75-9D99-A99876DE073D}.Debug|Any CPU.Build.0 = Debug|Any CPU
		{5471DF33-4B56-4E75-9D99-A99876DE073D}.Release|Any CPU.ActiveCfg = Release|Any CPU
		{5471DF33-4B56-4E75-9D99-A99876DE073D}.Release|Any CPU.Build.0 = Release|Any CPU
	EndGlobalSection
	GlobalSection(SolutionProperties) = preSolution
		HideSolutionNode = FALSE
	EndGlobalSection
	GlobalSection(ExtensibilityGlobals) = postSolution
		SolutionGuid = {C786337D-81F1-4FB3-A28C-4D8828654091}
	EndGlobalSection
EndGlobal
